// !$*UTF8*$!
{
	archiveVersion = 1;
	classes = {
	};
	objectVersion = 50;
	objects = {

/* Begin PBXBuildFile section */
		59443793236CEEA80098FC32 /* AppDelegate.swift in Sources */ = {isa = PBXBuildFile; fileRef = 59443792236CEEA80098FC32 /* AppDelegate.swift */; };
		59443795236CEEA80098FC32 /* SceneDelegate.swift in Sources */ = {isa = PBXBuildFile; fileRef = 59443794236CEEA80098FC32 /* SceneDelegate.swift */; };
		5944379C236CEEAC0098FC32 /* Assets.xcassets in Resources */ = {isa = PBXBuildFile; fileRef = 5944379B236CEEAC0098FC32 /* Assets.xcassets */; };
		5944379F236CEEAC0098FC32 /* LaunchScreen.storyboard in Resources */ = {isa = PBXBuildFile; fileRef = 5944379D236CEEAC0098FC32 /* LaunchScreen.storyboard */; };
		594437AC236CF0A80098FC32 /* MainVC.swift in Sources */ = {isa = PBXBuildFile; fileRef = 594437AB236CF0A80098FC32 /* MainVC.swift */; };
		594437AE236CF3780098FC32 /* Item.swift in Sources */ = {isa = PBXBuildFile; fileRef = 594437AD236CF3780098FC32 /* Item.swift */; };
/* End PBXBuildFile section */

/* Begin PBXFileReference section */
		5944378F236CEEA80098FC32 /* Shopping List.app */ = {isa = PBXFileReference; explicitFileType = wrapper.application; includeInIndex = 0; path = "Shopping List.app"; sourceTree = BUILT_PRODUCTS_DIR; };
		59443792236CEEA80098FC32 /* AppDelegate.swift */ = {isa = PBXFileReference; lastKnownFileType = sourcecode.swift; path = AppDelegate.swift; sourceTree = "<group>"; };
		59443794236CEEA80098FC32 /* SceneDelegate.swift */ = {isa = PBXFileReference; lastKnownFileType = sourcecode.swift; path = SceneDelegate.swift; sourceTree = "<group>"; };
		5944379B236CEEAC0098FC32 /* Assets.xcassets */ = {isa = PBXFileReference; lastKnownFileType = folder.assetcatalog; path = Assets.xcassets; sourceTree = "<group>"; };
		5944379E236CEEAC0098FC32 /* Base */ = {isa = PBXFileReference; lastKnownFileType = file.storyboard; name = Base; path = Base.lproj/LaunchScreen.storyboard; sourceTree = "<group>"; };
		594437A0236CEEAC0098FC32 /* Info.plist */ = {isa = PBXFileReference; lastKnownFileType = text.plist.xml; path = Info.plist; sourceTree = "<group>"; };
		594437AB236CF0A80098FC32 /* MainVC.swift */ = {isa = PBXFileReference; lastKnownFileType = sourcecode.swift; path = MainVC.swift; sourceTree = "<group>"; };
		594437AD236CF3780098FC32 /* Item.swift */ = {isa = PBXFileReference; lastKnownFileType = sourcecode.swift; path = Item.swift; sourceTree = "<group>"; };
/* End PBXFileReference section */

/* Begin PBXFrameworksBuildPhase section */
		5944378C236CEEA80098FC32 /* Frameworks */ = {
			isa = PBXFrameworksBuildPhase;
			buildActionMask = 2147483647;
			files = (
			);
			runOnlyForDeploymentPostprocessing = 0;
		};
/* End PBXFrameworksBuildPhase section */

/* Begin PBXGroup section */
		59443786236CEEA80098FC32 = {
			isa = PBXGroup;
			children = (
				59443791236CEEA80098FC32 /* ShoppingListApp */,
				59443790236CEEA80098FC32 /* Products */,
			);
			sourceTree = "<group>";
		};
		59443790236CEEA80098FC32 /* Products */ = {
			isa = PBXGroup;
			children = (
				5944378F236CEEA80098FC32 /* Shopping List.app */,
			);
			name = Products;
			sourceTree = "<group>";
		};
		59443791236CEEA80098FC32 /* ShoppingListApp */ = {
			isa = PBXGroup;
			children = (
				594437AA236CEF3F0098FC32 /* Storyboards */,
				594437A9236CEF330098FC32 /* Delegates */,
				594437A8236CEECC0098FC32 /* Controller */,
				594437A7236CEEC80098FC32 /* View */,
				594437A6236CEEC30098FC32 /* Model  */,
				5944379B236CEEAC0098FC32 /* Assets.xcassets */,
				594437A0236CEEAC0098FC32 /* Info.plist */,
			);
			path = ShoppingListApp;
			sourceTree = "<group>";
		};
		594437A6236CEEC30098FC32 /* Model  */ = {
			isa = PBXGroup;
			children = (
				594437AD236CF3780098FC32 /* Item.swift */,
			);
			path = "Model ";
			sourceTree = "<group>";
		};
		594437A7236CEEC80098FC32 /* View */ = {
			isa = PBXGroup;
			children = (
			);
			path = View;
			sourceTree = "<group>";
		};
		594437A8236CEECC0098FC32 /* Controller */ = {
			isa = PBXGroup;
			children = (
				594437AB236CF0A80098FC32 /* MainVC.swift */,
			);
			path = Controller;
			sourceTree = "<group>";
		};
		594437A9236CEF330098FC32 /* Delegates */ = {
			isa = PBXGroup;
			children = (
				59443792236CEEA80098FC32 /* AppDelegate.swift */,
				59443794236CEEA80098FC32 /* SceneDelegate.swift */,
			);
			path = Delegates;
			sourceTree = "<group>";
		};
		594437AA236CEF3F0098FC32 /* Storyboards */ = {
			isa = PBXGroup;
			children = (
				5944379D236CEEAC0098FC32 /* LaunchScreen.storyboard */,
			);
			path = Storyboards;
			sourceTree = "<group>";
		};
/* End PBXGroup section */

/* Begin PBXNativeTarget section */
		5944378E236CEEA80098FC32 /* ShoppingListApp */ = {
			isa = PBXNativeTarget;
			buildConfigurationList = 594437A3236CEEAC0098FC32 /* Build configuration list for PBXNativeTarget "ShoppingListApp" */;
			buildPhases = (
				5944378B236CEEA80098FC32 /* Sources */,
				5944378C236CEEA80098FC32 /* Frameworks */,
				5944378D236CEEA80098FC32 /* Resources */,
			);
			buildRules = (
			);
			dependencies = (
			);
			name = ShoppingListApp;
			productName = ShoppingListApp;
			productReference = 5944378F236CEEA80098FC32 /* Shopping List.app */;
			productType = "com.apple.product-type.application";
		};
/* End PBXNativeTarget section */

/* Begin PBXProject section */
		59443787236CEEA80098FC32 /* Project object */ = {
			isa = PBXProject;
			attributes = {
				LastSwiftUpdateCheck = 1120;
				LastUpgradeCheck = 1120;
				ORGANIZATIONNAME = "Jeffrey Lai";
				TargetAttributes = {
					5944378E236CEEA80098FC32 = {
						CreatedOnToolsVersion = 11.2;
					};
				};
			};
			buildConfigurationList = 5944378A236CEEA80098FC32 /* Build configuration list for PBXProject "ShoppingListApp" */;
			compatibilityVersion = "Xcode 9.3";
			developmentRegion = en;
			hasScannedForEncodings = 0;
			knownRegions = (
				en,
				Base,
			);
			mainGroup = 59443786236CEEA80098FC32;
			productRefGroup = 59443790236CEEA80098FC32 /* Products */;
			projectDirPath = "";
			projectRoot = "";
			targets = (
				5944378E236CEEA80098FC32 /* ShoppingListApp */,
			);
		};
/* End PBXProject section */

/* Begin PBXResourcesBuildPhase section */
		5944378D236CEEA80098FC32 /* Resources */ = {
			isa = PBXResourcesBuildPhase;
			buildActionMask = 2147483647;
			files = (
				5944379F236CEEAC0098FC32 /* LaunchScreen.storyboard in Resources */,
				5944379C236CEEAC0098FC32 /* Assets.xcassets in Resources */,
			);
			runOnlyForDeploymentPostprocessing = 0;
		};
/* End PBXResourcesBuildPhase section */

/* Begin PBXSourcesBuildPhase section */
		5944378B236CEEA80098FC32 /* Sources */ = {
			isa = PBXSourcesBuildPhase;
			buildActionMask = 2147483647;
			files = (
				594437AE236CF3780098FC32 /* Item.swift in Sources */,
				59443793236CEEA80098FC32 /* AppDelegate.swift in Sources */,
				594437AC236CF0A80098FC32 /* MainVC.swift in Sources */,
				59443795236CEEA80098FC32 /* SceneDelegate.swift in Sources */,
			);
			runOnlyForDeploymentPostprocessing = 0;
		};
/* End PBXSourcesBuildPhase section */

/* Begin PBXVariantGroup section */
		5944379D236CEEAC0098FC32 /* LaunchScreen.storyboard */ = {
			isa = PBXVariantGroup;
			children = (
				5944379E236CEEAC0098FC32 /* Base */,
			);
			name = LaunchScreen.storyboard;
			sourceTree = "<group>";
		};
/* End PBXVariantGroup section */

/* Begin XCBuildConfiguration section */
		594437A1236CEEAC0098FC32 /* Debug */ = {
			isa = XCBuildConfiguration;
			buildSettings = {
				ALWAYS_SEARCH_USER_PATHS = NO;
				CLANG_ANALYZER_NONNULL = YES;
				CLANG_ANALYZER_NUMBER_OBJECT_CONVERSION = YES_AGGRESSIVE;
				CLANG_CXX_LANGUAGE_STANDARD = "gnu++14";
				CLANG_CXX_LIBRARY = "libc++";
				CLANG_ENABLE_MODULES = YES;
				CLANG_ENABLE_OBJC_ARC = YES;
				CLANG_ENABLE_OBJC_WEAK = YES;
				CLANG_WARN_BLOCK_CAPTURE_AUTORELEASING = YES;
				CLANG_WARN_BOOL_CONVERSION = YES;
				CLANG_WARN_COMMA = YES;
				CLANG_WARN_CONSTANT_CONVERSION = YES;
				CLANG_WARN_DEPRECATED_OBJC_IMPLEMENTATIONS = YES;
				CLANG_WARN_DIRECT_OBJC_ISA_USAGE = YES_ERROR;
				CLANG_WARN_DOCUMENTATION_COMMENTS = YES;
				CLANG_WARN_EMPTY_BODY = YES;
				CLANG_WARN_ENUM_CONVERSION = YES;
				CLANG_WARN_INFINITE_RECURSION = YES;
				CLANG_WARN_INT_CONVERSION = YES;
				CLANG_WARN_NON_LITERAL_NULL_CONVERSION = YES;
				CLANG_WARN_OBJC_IMPLICIT_RETAIN_SELF = YES;
				CLANG_WARN_OBJC_LITERAL_CONVERSION = YES;
				CLANG_WARN_OBJC_ROOT_CLASS = YES_ERROR;
				CLANG_WARN_RANGE_LOOP_ANALYSIS = YES;
				CLANG_WARN_STRICT_PROTOTYPES = YES;
				CLANG_WARN_SUSPICIOUS_MOVE = YES;
				CLANG_WARN_UNGUARDED_AVAILABILITY = YES_AGGRESSIVE;
				CLANG_WARN_UNREACHABLE_CODE = YES;
				CLANG_WARN__DUPLICATE_METHOD_MATCH = YES;
				COPY_PHASE_STRIP = NO;
				DEBUG_INFORMATION_FORMAT = dwarf;
				ENABLE_STRICT_OBJC_MSGSEND = YES;
				ENABLE_TESTABILITY = YES;
				GCC_C_LANGUAGE_STANDARD = gnu11;
				GCC_DYNAMIC_NO_PIC = NO;
				GCC_NO_COMMON_BLOCKS = YES;
				GCC_OPTIMIZATION_LEVEL = 0;
				GCC_PREPROCESSOR_DEFINITIONS = (
					"DEBUG=1",
					"$(inherited)",
				);
				GCC_WARN_64_TO_32_BIT_CONVERSION = YES;
				GCC_WARN_ABOUT_RETURN_TYPE = YES_ERROR;
				GCC_WARN_UNDECLARED_SELECTOR = YES;
				GCC_WARN_UNINITIALIZED_AUTOS = YES_AGGRESSIVE;
				GCC_WARN_UNUSED_FUNCTION = YES;
				GCC_WARN_UNUSED_VARIABLE = YES;
				IPHONEOS_DEPLOYMENT_TARGET = 13.2;
				MTL_ENABLE_DEBUG_INFO = INCLUDE_SOURCE;
				MTL_FAST_MATH = YES;
				ONLY_ACTIVE_ARCH = YES;
				SDKROOT = iphoneos;
				SWIFT_ACTIVE_COMPILATION_CONDITIONS = DEBUG;
				SWIFT_OPTIMIZATION_LEVEL = "-Onone";
			};
			name = Debug;
		};
		594437A2236CEEAC0098FC32 /* Release */ = {
			isa = XCBuildConfiguration;
			buildSettings = {
				ALWAYS_SEARCH_USER_PATHS = NO;
				CLANG_ANALYZER_NONNULL = YES;
				CLANG_ANALYZER_NUMBER_OBJECT_CONVERSION = YES_AGGRESSIVE;
				CLANG_CXX_LANGUAGE_STANDARD = "gnu++14";
				CLANG_CXX_LIBRARY = "libc++";
				CLANG_ENABLE_MODULES = YES;
				CLANG_ENABLE_OBJC_ARC = YES;
				CLANG_ENABLE_OBJC_WEAK = YES;
				CLANG_WARN_BLOCK_CAPTURE_AUTORELEASING = YES;
				CLANG_WARN_BOOL_CONVERSION = YES;
				CLANG_WARN_COMMA = YES;
				CLANG_WARN_CONSTANT_CONVERSION = YES;
				CLANG_WARN_DEPRECATED_OBJC_IMPLEMENTATIONS = YES;
				CLANG_WARN_DIRECT_OBJC_ISA_USAGE = YES_ERROR;
				CLANG_WARN_DOCUMENTATION_COMMENTS = YES;
				CLANG_WARN_EMPTY_BODY = YES;
				CLANG_WARN_ENUM_CONVERSION = YES;
				CLANG_WARN_INFINITE_RECURSION = YES;
				CLANG_WARN_INT_CONVERSION = YES;
				CLANG_WARN_NON_LITERAL_NULL_CONVERSION = YES;
				CLANG_WARN_OBJC_IMPLICIT_RETAIN_SELF = YES;
				CLANG_WARN_OBJC_LITERAL_CONVERSION = YES;
				CLANG_WARN_OBJC_ROOT_CLASS = YES_ERROR;
				CLANG_WARN_RANGE_LOOP_ANALYSIS = YES;
				CLANG_WARN_STRICT_PROTOTYPES = YES;
				CLANG_WARN_SUSPICIOUS_MOVE = YES;
				CLANG_WARN_UNGUARDED_AVAILABILITY = YES_AGGRESSIVE;
				CLANG_WARN_UNREACHABLE_CODE = YES;
				CLANG_WARN__DUPLICATE_METHOD_MATCH = YES;
				COPY_PHASE_STRIP = NO;
				DEBUG_INFORMATION_FORMAT = "dwarf-with-dsym";
				ENABLE_NS_ASSERTIONS = NO;
				ENABLE_STRICT_OBJC_MSGSEND = YES;
				GCC_C_LANGUAGE_STANDARD = gnu11;
				GCC_NO_COMMON_BLOCKS = YES;
				GCC_WARN_64_TO_32_BIT_CONVERSION = YES;
				GCC_WARN_ABOUT_RETURN_TYPE = YES_ERROR;
				GCC_WARN_UNDECLARED_SELECTOR = YES;
				GCC_WARN_UNINITIALIZED_AUTOS = YES_AGGRESSIVE;
				GCC_WARN_UNUSED_FUNCTION = YES;
				GCC_WARN_UNUSED_VARIABLE = YES;
				IPHONEOS_DEPLOYMENT_TARGET = 13.2;
				MTL_ENABLE_DEBUG_INFO = NO;
				MTL_FAST_MATH = YES;
				SDKROOT = iphoneos;
				SWIFT_COMPILATION_MODE = wholemodule;
				SWIFT_OPTIMIZATION_LEVEL = "-O";
				VALIDATE_PRODUCT = YES;
			};
			name = Release;
		};
		594437A4236CEEAC0098FC32 /* Debug */ = {
			isa = XCBuildConfiguration;
			buildSettings = {
				ASSETCATALOG_COMPILER_APPICON_NAME = AppIcon;
				CODE_SIGN_STYLE = Automatic;
				DEVELOPMENT_TEAM = 6XGS262W7D;
				INFOPLIST_FILE = ShoppingListApp/Info.plist;
				IPHONEOS_DEPLOYMENT_TARGET = 13.0;
				LD_RUNPATH_SEARCH_PATHS = (
					"$(inherited)",
					"@executable_path/Frameworks",
				);
				PRODUCT_BUNDLE_IDENTIFIER = com.talismanmobile.ShoppingListApp;
				PRODUCT_NAME = "Shopping List";
				SWIFT_VERSION = 5.0;
				TARGETED_DEVICE_FAMILY = "1,2";
			};
			name = Debug;
		};
		594437A5236CEEAC0098FC32 /* Release */ = {
			isa = XCBuildConfiguration;
			buildSettings = {
				ASSETCATALOG_COMPILER_APPICON_NAME = AppIcon;
				CODE_SIGN_STYLE = Automatic;
				DEVELOPMENT_TEAM = 6XGS262W7D;
				INFOPLIST_FILE = ShoppingListApp/Info.plist;
				IPHONEOS_DEPLOYMENT_TARGET = 13.0;
				LD_RUNPATH_SEARCH_PATHS = (
					"$(inherited)",
					"@executable_path/Frameworks",
				);
				PRODUCT_BUNDLE_IDENTIFIER = com.talismanmobile.ShoppingListApp;
				PRODUCT_NAME = "Shopping List";
				SWIFT_VERSION = 5.0;
				TARGETED_DEVICE_FAMILY = "1,2";
			};
			name = Release;
		};
/* End XCBuildConfiguration section */

/* Begin XCConfigurationList section */
		5944378A236CEEA80098FC32 /* Build configuration list for PBXProject "ShoppingListApp" */ = {
			isa = XCConfigurationList;
			buildConfigurations = (
				594437A1236CEEAC0098FC32 /* Debug */,
				594437A2236CEEAC0098FC32 /* Release */,
			);
			defaultConfigurationIsVisible = 0;
			defaultConfigurationName = Release;
		};
		594437A3236CEEAC0098FC32 /* Build configuration list for PBXNativeTarget "ShoppingListApp" */ = {
			isa = XCConfigurationList;
			buildConfigurations = (
				594437A4236CEEAC0098FC32 /* Debug */,
				594437A5236CEEAC0098FC32 /* Release */,
			);
			defaultConfigurationIsVisible = 0;
			defaultConfigurationName = Release;
		};
/* End XCConfigurationList section */
	};
	rootObject = 59443787236CEEA80098FC32 /* Project object */;
}
